
Microsoft Visual Studio Solution File, Format Version 12.00
# Visual Studio Version 16
VisualStudioVersion = 16.0.29230.47
MinimumVisualStudioVersion = 10.0.40219.1
Project("{FAE04EC0-301F-11D3-BF4B-00C04F79EFBC}") = "Lab2", "Lab2\Lab2.csproj", "{21934F50-B758-40A9-BA30-31F4E004455D}"
EndProject
Project("{FAE04EC0-301F-11D3-BF4B-00C04F79EFBC}") = "Variables", "Variables\Variables.csproj", "{790817B1-DC16-427F-A01B-6BED626AC505}"
EndProject
Global
	GlobalSection(SolutionConfigurationPlatforms) = preSolution
		Debug|Any CPU = Debug|Any CPU
		Release|Any CPU = Release|Any CPU
	EndGlobalSection
	GlobalSection(ProjectConfigurationPlatforms) = postSolution
		{21934F50-B758-40A9-BA30-31F4E004455D}.Debug|Any CPU.ActiveCfg = Debug|Any CPU
		{21934F50-B758-40A9-BA30-31F4E004455D}.Debug|Any CPU.Build.0 = Debug|Any CPU
		{21934F50-B758-40A9-BA30-31F4E004455D}.Release|Any CPU.ActiveCfg = Release|Any CPU
		{21934F50-B758-40A9-BA30-31F4E004455D}.Release|Any CPU.Build.0 = Release|Any CPU
		{790817B1-DC16-427F-A01B-6BED626AC505}.Debug|Any CPU.ActiveCfg = Debug|Any CPU
		{790817B1-DC16-427F-A01B-6BED626AC505}.Debug|Any CPU.Build.0 = Debug|Any CPU
		{790817B1-DC16-427F-A01B-6BED626AC505}.Release|Any CPU.ActiveCfg = Release|Any CPU
		{790817B1-DC16-427F-A01B-6BED626AC505}.Release|Any CPU.Build.0 = Release|Any CPU
	EndGlobalSection
	GlobalSection(SolutionProperties) = preSolution
		HideSolutionNode = FALSE
	EndGlobalSection
	GlobalSection(ExtensibilityGlobals) = postSolution
		SolutionGuid = {7A0205D5-213D-4B43-8776-6EC74C6BE464}
	EndGlobalSection
EndGlobal
